
Microsoft Visual Studio Solution File, Format Version 12.00
# Visual Studio Version 17
VisualStudioVersion = 17.14.36212.18 d17.14
MinimumVisualStudioVersion = 10.0.40219.1
Project("{FAE04EC0-301F-11D3-BF4B-00C04F79EFBC}") = "BankManagementSystem", "BankManagementSystem\BankManagementSystem.csproj", "{F4C6C3B1-4382-4F44-A7A2-D757DF51F203}"
EndProject
Global
	GlobalSection(SolutionConfigurationPlatforms) = preSolution
		Debug|Any CPU = Debug|Any CPU
		Release|Any CPU = Release|Any CPU
	EndGlobalSection
	GlobalSection(ProjectConfigurationPlatforms) = postSolution
		{F4C6C3B1-4382-4F44-A7A2-D757DF51F203}.Debug|Any CPU.ActiveCfg = Debug|Any CPU
		{F4C6C3B1-4382-4F44-A7A2-D757DF51F203}.Debug|Any CPU.Build.0 = Debug|Any CPU
		{F4C6C3B1-4382-4F44-A7A2-D757DF51F203}.Release|Any CPU.ActiveCfg = Release|Any CPU
		{F4C6C3B1-4382-4F44-A7A2-D757DF51F203}.Release|Any CPU.Build.0 = Release|Any CPU
	EndGlobalSection
	GlobalSection(SolutionProperties) = preSolution
		HideSolutionNode = FALSE
	EndGlobalSection
	GlobalSection(ExtensibilityGlobals) = postSolution
		SolutionGuid = {8D40B3D9-BBE9-4B05-B861-D2188108D080}
	EndGlobalSection
EndGlobal
